
Microsoft Visual Studio Solution File, Format Version 12.00
# Visual Studio Version 17
VisualStudioVersion = 17.14.36221.1 d17.14
MinimumVisualStudioVersion = 10.0.40219.1
Project("{FAE04EC0-301F-11D3-BF4B-00C04F79EFBC}") = "TronAksaSharp", "TronAksaSharp\TronAksaSharp.csproj", "{0F95E5AF-FE65-404F-B7FA-2961F9281007}"
EndProject
Global
	GlobalSection(SolutionConfigurationPlatforms) = preSolution
		Debug|Any CPU = Debug|Any CPU
		Release|Any CPU = Release|Any CPU
	EndGlobalSection
	GlobalSection(ProjectConfigurationPlatforms) = postSolution
		{0F95E5AF-FE65-404F-B7FA-2961F9281007}.Debug|Any CPU.ActiveCfg = Debug|Any CPU
		{0F95E5AF-FE65-404F-B7FA-2961F9281007}.Debug|Any CPU.Build.0 = Debug|Any CPU
		{0F95E5AF-FE65-404F-B7FA-2961F9281007}.Release|Any CPU.ActiveCfg = Release|Any CPU
		{0F95E5AF-FE65-404F-B7FA-2961F9281007}.Release|Any CPU.Build.0 = Release|Any CPU
	EndGlobalSection
	GlobalSection(SolutionProperties) = preSolution
		HideSolutionNode = FALSE
	EndGlobalSection
	GlobalSection(ExtensibilityGlobals) = postSolution
		SolutionGuid = {92932699-B214-40A1-89E9-152F20102DFE}
	EndGlobalSection
EndGlobal
